
Microsoft Visual Studio Solution File, Format Version 12.00
# Visual Studio Version 17
VisualStudioVersion = 17.4.33205.214
MinimumVisualStudioVersion = 10.0.40219.1
Project("{FAE04EC0-301F-11D3-BF4B-00C04F79EFBC}") = "final5", "final5\final5.csproj", "{6FC648E5-6D3E-446B-A730-732588F11AA6}"
EndProject
Global
	GlobalSection(SolutionConfigurationPlatforms) = preSolution
		Debug|Any CPU = Debug|Any CPU
		Release|Any CPU = Release|Any CPU
	EndGlobalSection
	GlobalSection(ProjectConfigurationPlatforms) = postSolution
		{6FC648E5-6D3E-446B-A730-732588F11AA6}.Debug|Any CPU.ActiveCfg = Debug|Any CPU
		{6FC648E5-6D3E-446B-A730-732588F11AA6}.Debug|Any CPU.Build.0 = Debug|Any CPU
		{6FC648E5-6D3E-446B-A730-732588F11AA6}.Release|Any CPU.ActiveCfg = Release|Any CPU
		{6FC648E5-6D3E-446B-A730-732588F11AA6}.Release|Any CPU.Build.0 = Release|Any CPU
	EndGlobalSection
	GlobalSection(SolutionProperties) = preSolution
		HideSolutionNode = FALSE
	EndGlobalSection
	GlobalSection(ExtensibilityGlobals) = postSolution
		SolutionGuid = {5540F481-E3C6-4F79-972E-0102E0FB960D}
	EndGlobalSection
EndGlobal
